// !$*UTF8*$!
{
	archiveVersion = 1;
	classes = {
	};
	objectVersion = 56;
	objects = {

/* Begin PBXBuildFile section */
		860DEB34F6CA96EEDA911680 /* Pods_OnlineStore.framework in Frameworks */ = {isa = PBXBuildFile; fileRef = 9D974D4B06DEBA75978642BA /* Pods_OnlineStore.framework */; };
		D70C0A7329BD3C1A00D9F0D1 /* OnlineStoreApp.swift in Sources */ = {isa = PBXBuildFile; fileRef = D70C0A7229BD3C1A00D9F0D1 /* OnlineStoreApp.swift */; };
		D70C0A7529BD3C1A00D9F0D1 /* ContentView.swift in Sources */ = {isa = PBXBuildFile; fileRef = D70C0A7429BD3C1A00D9F0D1 /* ContentView.swift */; };
		D70C0A7729BD3C1D00D9F0D1 /* Assets.xcassets in Resources */ = {isa = PBXBuildFile; fileRef = D70C0A7629BD3C1D00D9F0D1 /* Assets.xcassets */; };
		D70C0A7A29BD3C1D00D9F0D1 /* Preview Assets.xcassets in Resources */ = {isa = PBXBuildFile; fileRef = D70C0A7929BD3C1D00D9F0D1 /* Preview Assets.xcassets */; };
		D70C0A8229BD471800D9F0D1 /* ProductModel.swift in Sources */ = {isa = PBXBuildFile; fileRef = D70C0A8129BD471800D9F0D1 /* ProductModel.swift */; };
		D70C0A8529BD487100D9F0D1 /* Constants.swift in Sources */ = {isa = PBXBuildFile; fileRef = D70C0A8429BD487100D9F0D1 /* Constants.swift */; };
		D70C0A8729BD489D00D9F0D1 /* APIManager.swift in Sources */ = {isa = PBXBuildFile; fileRef = D70C0A8629BD489D00D9F0D1 /* APIManager.swift */; };
		D70C0A8929BD4C8F00D9F0D1 /* Utility.swift in Sources */ = {isa = PBXBuildFile; fileRef = D70C0A8829BD4C8F00D9F0D1 /* Utility.swift */; };
		D77E3E4E29BDAA2D00410544 /* SplashView.swift in Sources */ = {isa = PBXBuildFile; fileRef = D77E3E4D29BDAA2C00410544 /* SplashView.swift */; };
		D77E3E5029BDDAA100410544 /* ProductDetailsView.swift in Sources */ = {isa = PBXBuildFile; fileRef = D77E3E4F29BDDAA100410544 /* ProductDetailsView.swift */; };
		D77E3E5329BE1A5B00410544 /* StarRatingViewSwiftUI in Frameworks */ = {isa = PBXBuildFile; productRef = D77E3E5229BE1A5B00410544 /* StarRatingViewSwiftUI */; };
		D77E3E5629BE1B6300410544 /* AxisRatingBar in Frameworks */ = {isa = PBXBuildFile; productRef = D77E3E5529BE1B6300410544 /* AxisRatingBar */; };
		D77E3E5929BE2B1F00410544 /* FiveStarRating in Frameworks */ = {isa = PBXBuildFile; productRef = D77E3E5829BE2B1F00410544 /* FiveStarRating */; };
		D77E3E5C29BE546800410544 /* CachedAsyncImage in Frameworks */ = {isa = PBXBuildFile; productRef = D77E3E5B29BE546800410544 /* CachedAsyncImage */; };
/* End PBXBuildFile section */

/* Begin PBXFileReference section */
		9D974D4B06DEBA75978642BA /* Pods_OnlineStore.framework */ = {isa = PBXFileReference; explicitFileType = wrapper.framework; includeInIndex = 0; path = Pods_OnlineStore.framework; sourceTree = BUILT_PRODUCTS_DIR; };
		D70C0A6F29BD3C1A00D9F0D1 /* OnlineStore.app */ = {isa = PBXFileReference; explicitFileType = wrapper.application; includeInIndex = 0; path = OnlineStore.app; sourceTree = BUILT_PRODUCTS_DIR; };
		D70C0A7229BD3C1A00D9F0D1 /* OnlineStoreApp.swift */ = {isa = PBXFileReference; lastKnownFileType = sourcecode.swift; path = OnlineStoreApp.swift; sourceTree = "<group>"; };
		D70C0A7429BD3C1A00D9F0D1 /* ContentView.swift */ = {isa = PBXFileReference; lastKnownFileType = sourcecode.swift; path = ContentView.swift; sourceTree = "<group>"; };
		D70C0A7629BD3C1D00D9F0D1 /* Assets.xcassets */ = {isa = PBXFileReference; lastKnownFileType = folder.assetcatalog; path = Assets.xcassets; sourceTree = "<group>"; };
		D70C0A7929BD3C1D00D9F0D1 /* Preview Assets.xcassets */ = {isa = PBXFileReference; lastKnownFileType = folder.assetcatalog; path = "Preview Assets.xcassets"; sourceTree = "<group>"; };
		D70C0A8129BD471800D9F0D1 /* ProductModel.swift */ = {isa = PBXFileReference; lastKnownFileType = sourcecode.swift; path = ProductModel.swift; sourceTree = "<group>"; };
		D70C0A8429BD487100D9F0D1 /* Constants.swift */ = {isa = PBXFileReference; lastKnownFileType = sourcecode.swift; path = Constants.swift; sourceTree = "<group>"; };
		D70C0A8629BD489D00D9F0D1 /* APIManager.swift */ = {isa = PBXFileReference; lastKnownFileType = sourcecode.swift; path = APIManager.swift; sourceTree = "<group>"; };
		D70C0A8829BD4C8F00D9F0D1 /* Utility.swift */ = {isa = PBXFileReference; lastKnownFileType = sourcecode.swift; path = Utility.swift; sourceTree = "<group>"; };
		D77E3E4D29BDAA2C00410544 /* SplashView.swift */ = {isa = PBXFileReference; lastKnownFileType = sourcecode.swift; path = SplashView.swift; sourceTree = "<group>"; };
		D77E3E4F29BDDAA100410544 /* ProductDetailsView.swift */ = {isa = PBXFileReference; lastKnownFileType = sourcecode.swift; path = ProductDetailsView.swift; sourceTree = "<group>"; };
		E405A64DC80E64DA16C13509 /* Pods-OnlineStore.debug.xcconfig */ = {isa = PBXFileReference; includeInIndex = 1; lastKnownFileType = text.xcconfig; name = "Pods-OnlineStore.debug.xcconfig"; path = "Target Support Files/Pods-OnlineStore/Pods-OnlineStore.debug.xcconfig"; sourceTree = "<group>"; };
		E7B589E23C46AF2EFD62DCCA /* Pods-OnlineStore.release.xcconfig */ = {isa = PBXFileReference; includeInIndex = 1; lastKnownFileType = text.xcconfig; name = "Pods-OnlineStore.release.xcconfig"; path = "Target Support Files/Pods-OnlineStore/Pods-OnlineStore.release.xcconfig"; sourceTree = "<group>"; };
/* End PBXFileReference section */

/* Begin PBXFrameworksBuildPhase section */
		D70C0A6C29BD3C1A00D9F0D1 /* Frameworks */ = {
			isa = PBXFrameworksBuildPhase;
			buildActionMask = 2147483647;
			files = (
				D77E3E5329BE1A5B00410544 /* StarRatingViewSwiftUI in Frameworks */,
				D77E3E5C29BE546800410544 /* CachedAsyncImage in Frameworks */,
				D77E3E5629BE1B6300410544 /* AxisRatingBar in Frameworks */,
				860DEB34F6CA96EEDA911680 /* Pods_OnlineStore.framework in Frameworks */,
				D77E3E5929BE2B1F00410544 /* FiveStarRating in Frameworks */,
			);
			runOnlyForDeploymentPostprocessing = 0;
		};
/* End PBXFrameworksBuildPhase section */

/* Begin PBXGroup section */
		8ED5D49D30FB21F42FC18A57 /* Pods */ = {
			isa = PBXGroup;
			children = (
				E405A64DC80E64DA16C13509 /* Pods-OnlineStore.debug.xcconfig */,
				E7B589E23C46AF2EFD62DCCA /* Pods-OnlineStore.release.xcconfig */,
			);
			path = Pods;
			sourceTree = "<group>";
		};
		BC042E9EDA3CBC3D544D993E /* Frameworks */ = {
			isa = PBXGroup;
			children = (
				9D974D4B06DEBA75978642BA /* Pods_OnlineStore.framework */,
			);
			name = Frameworks;
			sourceTree = "<group>";
		};
		D70C0A6629BD3C1A00D9F0D1 = {
			isa = PBXGroup;
			children = (
				D70C0A7129BD3C1A00D9F0D1 /* OnlineStore */,
				D70C0A7029BD3C1A00D9F0D1 /* Products */,
				8ED5D49D30FB21F42FC18A57 /* Pods */,
				BC042E9EDA3CBC3D544D993E /* Frameworks */,
			);
			sourceTree = "<group>";
		};
		D70C0A7029BD3C1A00D9F0D1 /* Products */ = {
			isa = PBXGroup;
			children = (
				D70C0A6F29BD3C1A00D9F0D1 /* OnlineStore.app */,
			);
			name = Products;
			sourceTree = "<group>";
		};
		D70C0A7129BD3C1A00D9F0D1 /* OnlineStore */ = {
			isa = PBXGroup;
			children = (
				D70C0A8329BD485D00D9F0D1 /* Utils */,
				D70C0A8029BD46F600D9F0D1 /* Model */,
				D70C0A7229BD3C1A00D9F0D1 /* OnlineStoreApp.swift */,
				D70C0A7429BD3C1A00D9F0D1 /* ContentView.swift */,
				D70C0A7629BD3C1D00D9F0D1 /* Assets.xcassets */,
				D70C0A7829BD3C1D00D9F0D1 /* Preview Content */,
				D77E3E4D29BDAA2C00410544 /* SplashView.swift */,
				D77E3E4F29BDDAA100410544 /* ProductDetailsView.swift */,
			);
			path = OnlineStore;
			sourceTree = "<group>";
		};
		D70C0A7829BD3C1D00D9F0D1 /* Preview Content */ = {
			isa = PBXGroup;
			children = (
				D70C0A7929BD3C1D00D9F0D1 /* Preview Assets.xcassets */,
			);
			path = "Preview Content";
			sourceTree = "<group>";
		};
		D70C0A8029BD46F600D9F0D1 /* Model */ = {
			isa = PBXGroup;
			children = (
				D70C0A8129BD471800D9F0D1 /* ProductModel.swift */,
			);
			path = Model;
			sourceTree = "<group>";
		};
		D70C0A8329BD485D00D9F0D1 /* Utils */ = {
			isa = PBXGroup;
			children = (
				D70C0A8429BD487100D9F0D1 /* Constants.swift */,
				D70C0A8629BD489D00D9F0D1 /* APIManager.swift */,
				D70C0A8829BD4C8F00D9F0D1 /* Utility.swift */,
			);
			path = Utils;
			sourceTree = "<group>";
		};
/* End PBXGroup section */

/* Begin PBXNativeTarget section */
		D70C0A6E29BD3C1A00D9F0D1 /* OnlineStore */ = {
			isa = PBXNativeTarget;
			buildConfigurationList = D70C0A7D29BD3C1D00D9F0D1 /* Build configuration list for PBXNativeTarget "OnlineStore" */;
			buildPhases = (
				F723360A4A5395067456F93B /* [CP] Check Pods Manifest.lock */,
				D70C0A6B29BD3C1A00D9F0D1 /* Sources */,
				D70C0A6C29BD3C1A00D9F0D1 /* Frameworks */,
				D70C0A6D29BD3C1A00D9F0D1 /* Resources */,
				98ECDDB3E9A5D7AB878028BB /* [CP] Embed Pods Frameworks */,
			);
			buildRules = (
			);
			dependencies = (
			);
			name = OnlineStore;
			packageProductDependencies = (
				D77E3E5229BE1A5B00410544 /* StarRatingViewSwiftUI */,
				D77E3E5529BE1B6300410544 /* AxisRatingBar */,
				D77E3E5829BE2B1F00410544 /* FiveStarRating */,
				D77E3E5B29BE546800410544 /* CachedAsyncImage */,
			);
			productName = OnlineStore;
			productReference = D70C0A6F29BD3C1A00D9F0D1 /* OnlineStore.app */;
			productType = "com.apple.product-type.application";
		};
/* End PBXNativeTarget section */

/* Begin PBXProject section */
		D70C0A6729BD3C1A00D9F0D1 /* Project object */ = {
			isa = PBXProject;
			attributes = {
				BuildIndependentTargetsInParallel = 1;
				LastSwiftUpdateCheck = 1400;
				LastUpgradeCheck = 1400;
				TargetAttributes = {
					D70C0A6E29BD3C1A00D9F0D1 = {
						CreatedOnToolsVersion = 14.0;
					};
				};
			};
			buildConfigurationList = D70C0A6A29BD3C1A00D9F0D1 /* Build configuration list for PBXProject "OnlineStore" */;
			compatibilityVersion = "Xcode 14.0";
			developmentRegion = en;
			hasScannedForEncodings = 0;
			knownRegions = (
				en,
				Base,
			);
			mainGroup = D70C0A6629BD3C1A00D9F0D1;
			packageReferences = (
				D77E3E5129BE1A5B00410544 /* XCRemoteSwiftPackageReference "StarRatingViewSwiftUI" */,
				D77E3E5429BE1B6300410544 /* XCRemoteSwiftPackageReference "AxisRatingBar" */,
				D77E3E5729BE2B1F00410544 /* XCRemoteSwiftPackageReference "FiveStarRating_SwiftUI" */,
				D77E3E5A29BE546800410544 /* XCRemoteSwiftPackageReference "swiftui-cached-async-image" */,
			);
			productRefGroup = D70C0A7029BD3C1A00D9F0D1 /* Products */;
			projectDirPath = "";
			projectRoot = "";
			targets = (
				D70C0A6E29BD3C1A00D9F0D1 /* OnlineStore */,
			);
		};
/* End PBXProject section */

/* Begin PBXResourcesBuildPhase section */
		D70C0A6D29BD3C1A00D9F0D1 /* Resources */ = {
			isa = PBXResourcesBuildPhase;
			buildActionMask = 2147483647;
			files = (
				D70C0A7A29BD3C1D00D9F0D1 /* Preview Assets.xcassets in Resources */,
				D70C0A7729BD3C1D00D9F0D1 /* Assets.xcassets in Resources */,
			);
			runOnlyForDeploymentPostprocessing = 0;
		};
/* End PBXResourcesBuildPhase section */

/* Begin PBXShellScriptBuildPhase section */
		98ECDDB3E9A5D7AB878028BB /* [CP] Embed Pods Frameworks */ = {
			isa = PBXShellScriptBuildPhase;
			buildActionMask = 2147483647;
			files = (
			);
			inputFileListPaths = (
				"${PODS_ROOT}/Target Support Files/Pods-OnlineStore/Pods-OnlineStore-frameworks-${CONFIGURATION}-input-files.xcfilelist",
			);
			name = "[CP] Embed Pods Frameworks";
			outputFileListPaths = (
				"${PODS_ROOT}/Target Support Files/Pods-OnlineStore/Pods-OnlineStore-frameworks-${CONFIGURATION}-output-files.xcfilelist",
			);
			runOnlyForDeploymentPostprocessing = 0;
			shellPath = /bin/sh;
			shellScript = "\"${PODS_ROOT}/Target Support Files/Pods-OnlineStore/Pods-OnlineStore-frameworks.sh\"\n";
			showEnvVarsInLog = 0;
		};
		F723360A4A5395067456F93B /* [CP] Check Pods Manifest.lock */ = {
			isa = PBXShellScriptBuildPhase;
			buildActionMask = 2147483647;
			files = (
			);
			inputFileListPaths = (
			);
			inputPaths = (
				"${PODS_PODFILE_DIR_PATH}/Podfile.lock",
				"${PODS_ROOT}/Manifest.lock",
			);
			name = "[CP] Check Pods Manifest.lock";
			outputFileListPaths = (
			);
			outputPaths = (
				"$(DERIVED_FILE_DIR)/Pods-OnlineStore-checkManifestLockResult.txt",
			);
			runOnlyForDeploymentPostprocessing = 0;
			shellPath = /bin/sh;
			shellScript = "diff \"${PODS_PODFILE_DIR_PATH}/Podfile.lock\" \"${PODS_ROOT}/Manifest.lock\" > /dev/null\nif [ $? != 0 ] ; then\n    # print error to STDERR\n    echo \"error: The sandbox is not in sync with the Podfile.lock. Run 'pod install' or update your CocoaPods installation.\" >&2\n    exit 1\nfi\n# This output is used by Xcode 'outputs' to avoid re-running this script phase.\necho \"SUCCESS\" > \"${SCRIPT_OUTPUT_FILE_0}\"\n";
			showEnvVarsInLog = 0;
		};
/* End PBXShellScriptBuildPhase section */

/* Begin PBXSourcesBuildPhase section */
		D70C0A6B29BD3C1A00D9F0D1 /* Sources */ = {
			isa = PBXSourcesBuildPhase;
			buildActionMask = 2147483647;
			files = (
				D70C0A8229BD471800D9F0D1 /* ProductModel.swift in Sources */,
				D70C0A7529BD3C1A00D9F0D1 /* ContentView.swift in Sources */,
				D70C0A8929BD4C8F00D9F0D1 /* Utility.swift in Sources */,
				D70C0A8729BD489D00D9F0D1 /* APIManager.swift in Sources */,
				D70C0A7329BD3C1A00D9F0D1 /* OnlineStoreApp.swift in Sources */,
				D77E3E5029BDDAA100410544 /* ProductDetailsView.swift in Sources */,
				D70C0A8529BD487100D9F0D1 /* Constants.swift in Sources */,
				D77E3E4E29BDAA2D00410544 /* SplashView.swift in Sources */,
			);
			runOnlyForDeploymentPostprocessing = 0;
		};
/* End PBXSourcesBuildPhase section */

/* Begin XCBuildConfiguration section */
		D70C0A7B29BD3C1D00D9F0D1 /* Debug */ = {
			isa = XCBuildConfiguration;
			buildSettings = {
				ALWAYS_SEARCH_USER_PATHS = NO;
				CLANG_ANALYZER_NONNULL = YES;
				CLANG_ANALYZER_NUMBER_OBJECT_CONVERSION = YES_AGGRESSIVE;
				CLANG_CXX_LANGUAGE_STANDARD = "gnu++20";
				CLANG_ENABLE_MODULES = YES;
				CLANG_ENABLE_OBJC_ARC = YES;
				CLANG_ENABLE_OBJC_WEAK = YES;
				CLANG_WARN_BLOCK_CAPTURE_AUTORELEASING = YES;
				CLANG_WARN_BOOL_CONVERSION = YES;
				CLANG_WARN_COMMA = YES;
				CLANG_WARN_CONSTANT_CONVERSION = YES;
				CLANG_WARN_DEPRECATED_OBJC_IMPLEMENTATIONS = YES;
				CLANG_WARN_DIRECT_OBJC_ISA_USAGE = YES_ERROR;
				CLANG_WARN_DOCUMENTATION_COMMENTS = YES;
				CLANG_WARN_EMPTY_BODY = YES;
				CLANG_WARN_ENUM_CONVERSION = YES;
				CLANG_WARN_INFINITE_RECURSION = YES;
				CLANG_WARN_INT_CONVERSION = YES;
				CLANG_WARN_NON_LITERAL_NULL_CONVERSION = YES;
				CLANG_WARN_OBJC_IMPLICIT_RETAIN_SELF = YES;
				CLANG_WARN_OBJC_LITERAL_CONVERSION = YES;
				CLANG_WARN_OBJC_ROOT_CLASS = YES_ERROR;
				CLANG_WARN_QUOTED_INCLUDE_IN_FRAMEWORK_HEADER = YES;
				CLANG_WARN_RANGE_LOOP_ANALYSIS = YES;
				CLANG_WARN_STRICT_PROTOTYPES = YES;
				CLANG_WARN_SUSPICIOUS_MOVE = YES;
				CLANG_WARN_UNGUARDED_AVAILABILITY = YES_AGGRESSIVE;
				CLANG_WARN_UNREACHABLE_CODE = YES;
				CLANG_WARN__DUPLICATE_METHOD_MATCH = YES;
				COPY_PHASE_STRIP = NO;
				DEBUG_INFORMATION_FORMAT = dwarf;
				ENABLE_STRICT_OBJC_MSGSEND = YES;
				ENABLE_TESTABILITY = YES;
				GCC_C_LANGUAGE_STANDARD = gnu11;
				GCC_DYNAMIC_NO_PIC = NO;
				GCC_NO_COMMON_BLOCKS = YES;
				GCC_OPTIMIZATION_LEVEL = 0;
				GCC_PREPROCESSOR_DEFINITIONS = (
					"DEBUG=1",
					"$(inherited)",
				);
				GCC_WARN_64_TO_32_BIT_CONVERSION = YES;
				GCC_WARN_ABOUT_RETURN_TYPE = YES_ERROR;
				GCC_WARN_UNDECLARED_SELECTOR = YES;
				GCC_WARN_UNINITIALIZED_AUTOS = YES_AGGRESSIVE;
				GCC_WARN_UNUSED_FUNCTION = YES;
				GCC_WARN_UNUSED_VARIABLE = YES;
				IPHONEOS_DEPLOYMENT_TARGET = 16.0;
				MTL_ENABLE_DEBUG_INFO = INCLUDE_SOURCE;
				MTL_FAST_MATH = YES;
				ONLY_ACTIVE_ARCH = YES;
				SDKROOT = iphoneos;
				SWIFT_ACTIVE_COMPILATION_CONDITIONS = DEBUG;
				SWIFT_OPTIMIZATION_LEVEL = "-Onone";
			};
			name = Debug;
		};
		D70C0A7C29BD3C1D00D9F0D1 /* Release */ = {
			isa = XCBuildConfiguration;
			buildSettings = {
				ALWAYS_SEARCH_USER_PATHS = NO;
				CLANG_ANALYZER_NONNULL = YES;
				CLANG_ANALYZER_NUMBER_OBJECT_CONVERSION = YES_AGGRESSIVE;
				CLANG_CXX_LANGUAGE_STANDARD = "gnu++20";
				CLANG_ENABLE_MODULES = YES;
				CLANG_ENABLE_OBJC_ARC = YES;
				CLANG_ENABLE_OBJC_WEAK = YES;
				CLANG_WARN_BLOCK_CAPTURE_AUTORELEASING = YES;
				CLANG_WARN_BOOL_CONVERSION = YES;
				CLANG_WARN_COMMA = YES;
				CLANG_WARN_CONSTANT_CONVERSION = YES;
				CLANG_WARN_DEPRECATED_OBJC_IMPLEMENTATIONS = YES;
				CLANG_WARN_DIRECT_OBJC_ISA_USAGE = YES_ERROR;
				CLANG_WARN_DOCUMENTATION_COMMENTS = YES;
				CLANG_WARN_EMPTY_BODY = YES;
				CLANG_WARN_ENUM_CONVERSION = YES;
				CLANG_WARN_INFINITE_RECURSION = YES;
				CLANG_WARN_INT_CONVERSION = YES;
				CLANG_WARN_NON_LITERAL_NULL_CONVERSION = YES;
				CLANG_WARN_OBJC_IMPLICIT_RETAIN_SELF = YES;
				CLANG_WARN_OBJC_LITERAL_CONVERSION = YES;
				CLANG_WARN_OBJC_ROOT_CLASS = YES_ERROR;
				CLANG_WARN_QUOTED_INCLUDE_IN_FRAMEWORK_HEADER = YES;
				CLANG_WARN_RANGE_LOOP_ANALYSIS = YES;
				CLANG_WARN_STRICT_PROTOTYPES = YES;
				CLANG_WARN_SUSPICIOUS_MOVE = YES;
				CLANG_WARN_UNGUARDED_AVAILABILITY = YES_AGGRESSIVE;
				CLANG_WARN_UNREACHABLE_CODE = YES;
				CLANG_WARN__DUPLICATE_METHOD_MATCH = YES;
				COPY_PHASE_STRIP = NO;
				DEBUG_INFORMATION_FORMAT = "dwarf-with-dsym";
				ENABLE_NS_ASSERTIONS = NO;
				ENABLE_STRICT_OBJC_MSGSEND = YES;
				GCC_C_LANGUAGE_STANDARD = gnu11;
				GCC_NO_COMMON_BLOCKS = YES;
				GCC_WARN_64_TO_32_BIT_CONVERSION = YES;
				GCC_WARN_ABOUT_RETURN_TYPE = YES_ERROR;
				GCC_WARN_UNDECLARED_SELECTOR = YES;
				GCC_WARN_UNINITIALIZED_AUTOS = YES_AGGRESSIVE;
				GCC_WARN_UNUSED_FUNCTION = YES;
				GCC_WARN_UNUSED_VARIABLE = YES;
				IPHONEOS_DEPLOYMENT_TARGET = 16.0;
				MTL_ENABLE_DEBUG_INFO = NO;
				MTL_FAST_MATH = YES;
				SDKROOT = iphoneos;
				SWIFT_COMPILATION_MODE = wholemodule;
				SWIFT_OPTIMIZATION_LEVEL = "-O";
				VALIDATE_PRODUCT = YES;
			};
			name = Release;
		};
		D70C0A7E29BD3C1D00D9F0D1 /* Debug */ = {
			isa = XCBuildConfiguration;
			baseConfigurationReference = E405A64DC80E64DA16C13509 /* Pods-OnlineStore.debug.xcconfig */;
			buildSettings = {
				ASSETCATALOG_COMPILER_APPICON_NAME = AppIcon;
				ASSETCATALOG_COMPILER_GLOBAL_ACCENT_COLOR_NAME = AccentColor;
				CODE_SIGN_STYLE = Automatic;
				CURRENT_PROJECT_VERSION = 1;
				DEVELOPMENT_ASSET_PATHS = "\"OnlineStore/Preview Content\"";
				ENABLE_PREVIEWS = YES;
				GENERATE_INFOPLIST_FILE = YES;
				INFOPLIST_KEY_UIApplicationSceneManifest_Generation = YES;
				INFOPLIST_KEY_UIApplicationSupportsIndirectInputEvents = YES;
				INFOPLIST_KEY_UILaunchScreen_Generation = YES;
				INFOPLIST_KEY_UISupportedInterfaceOrientations_iPad = "UIInterfaceOrientationPortrait UIInterfaceOrientationPortraitUpsideDown UIInterfaceOrientationLandscapeLeft UIInterfaceOrientationLandscapeRight";
				INFOPLIST_KEY_UISupportedInterfaceOrientations_iPhone = "UIInterfaceOrientationPortrait UIInterfaceOrientationLandscapeLeft UIInterfaceOrientationLandscapeRight";
				LD_RUNPATH_SEARCH_PATHS = (
					"$(inherited)",
					"@executable_path/Frameworks",
				);
				MARKETING_VERSION = 1.0;
				PRODUCT_BUNDLE_IDENTIFIER = com.app.OnlineStore;
				PRODUCT_NAME = "$(TARGET_NAME)";
				SWIFT_EMIT_LOC_STRINGS = YES;
				SWIFT_VERSION = 5.0;
				TARGETED_DEVICE_FAMILY = "1,2";
			};
			name = Debug;
		};
		D70C0A7F29BD3C1D00D9F0D1 /* Release */ = {
			isa = XCBuildConfiguration;
			baseConfigurationReference = E7B589E23C46AF2EFD62DCCA /* Pods-OnlineStore.release.xcconfig */;
			buildSettings = {
				ASSETCATALOG_COMPILER_APPICON_NAME = AppIcon;
				ASSETCATALOG_COMPILER_GLOBAL_ACCENT_COLOR_NAME = AccentColor;
				CODE_SIGN_STYLE = Automatic;
				CURRENT_PROJECT_VERSION = 1;
				DEVELOPMENT_ASSET_PATHS = "\"OnlineStore/Preview Content\"";
				ENABLE_PREVIEWS = YES;
				GENERATE_INFOPLIST_FILE = YES;
				INFOPLIST_KEY_UIApplicationSceneManifest_Generation = YES;
				INFOPLIST_KEY_UIApplicationSupportsIndirectInputEvents = YES;
				INFOPLIST_KEY_UILaunchScreen_Generation = YES;
				INFOPLIST_KEY_UISupportedInterfaceOrientations_iPad = "UIInterfaceOrientationPortrait UIInterfaceOrientationPortraitUpsideDown UIInterfaceOrientationLandscapeLeft UIInterfaceOrientationLandscapeRight";
				INFOPLIST_KEY_UISupportedInterfaceOrientations_iPhone = "UIInterfaceOrientationPortrait UIInterfaceOrientationLandscapeLeft UIInterfaceOrientationLandscapeRight";
				LD_RUNPATH_SEARCH_PATHS = (
					"$(inherited)",
					"@executable_path/Frameworks",
				);
				MARKETING_VERSION = 1.0;
				PRODUCT_BUNDLE_IDENTIFIER = com.app.OnlineStore;
				PRODUCT_NAME = "$(TARGET_NAME)";
				SWIFT_EMIT_LOC_STRINGS = YES;
				SWIFT_VERSION = 5.0;
				TARGETED_DEVICE_FAMILY = "1,2";
			};
			name = Release;
		};
/* End XCBuildConfiguration section */

/* Begin XCConfigurationList section */
		D70C0A6A29BD3C1A00D9F0D1 /* Build configuration list for PBXProject "OnlineStore" */ = {
			isa = XCConfigurationList;
			buildConfigurations = (
				D70C0A7B29BD3C1D00D9F0D1 /* Debug */,
				D70C0A7C29BD3C1D00D9F0D1 /* Release */,
			);
			defaultConfigurationIsVisible = 0;
			defaultConfigurationName = Release;
		};
		D70C0A7D29BD3C1D00D9F0D1 /* Build configuration list for PBXNativeTarget "OnlineStore" */ = {
			isa = XCConfigurationList;
			buildConfigurations = (
				D70C0A7E29BD3C1D00D9F0D1 /* Debug */,
				D70C0A7F29BD3C1D00D9F0D1 /* Release */,
			);
			defaultConfigurationIsVisible = 0;
			defaultConfigurationName = Release;
		};
/* End XCConfigurationList section */

/* Begin XCRemoteSwiftPackageReference section */
		D77E3E5129BE1A5B00410544 /* XCRemoteSwiftPackageReference "StarRatingViewSwiftUI" */ = {
			isa = XCRemoteSwiftPackageReference;
			repositoryURL = "https://github.com/magickworx/StarRatingViewSwiftUI";
			requirement = {
				kind = upToNextMajorVersion;
				minimumVersion = 1.0.0;
			};
		};
		D77E3E5429BE1B6300410544 /* XCRemoteSwiftPackageReference "AxisRatingBar" */ = {
			isa = XCRemoteSwiftPackageReference;
			repositoryURL = "https://github.com/jasudev/AxisRatingBar";
			requirement = {
				kind = upToNextMajorVersion;
				minimumVersion = 0.5.0;
			};
		};
		D77E3E5729BE2B1F00410544 /* XCRemoteSwiftPackageReference "FiveStarRating_SwiftUI" */ = {
			isa = XCRemoteSwiftPackageReference;
			repositoryURL = "https://github.com/JZDesign/FiveStarRating_SwiftUI";
			requirement = {
				branch = master;
				kind = branch;
			};
		};
		D77E3E5A29BE546800410544 /* XCRemoteSwiftPackageReference "swiftui-cached-async-image" */ = {
			isa = XCRemoteSwiftPackageReference;
			repositoryURL = "https://github.com/lorenzofiamingo/swiftui-cached-async-image";
			requirement = {
				kind = upToNextMajorVersion;
				minimumVersion = 2.0.0;
			};
		};
/* End XCRemoteSwiftPackageReference section */

/* Begin XCSwiftPackageProductDependency section */
		D77E3E5229BE1A5B00410544 /* StarRatingViewSwiftUI */ = {
			isa = XCSwiftPackageProductDependency;
			package = D77E3E5129BE1A5B00410544 /* XCRemoteSwiftPackageReference "StarRatingViewSwiftUI" */;
			productName = StarRatingViewSwiftUI;
		};
		D77E3E5529BE1B6300410544 /* AxisRatingBar */ = {
			isa = XCSwiftPackageProductDependency;
			package = D77E3E5429BE1B6300410544 /* XCRemoteSwiftPackageReference "AxisRatingBar" */;
			productName = AxisRatingBar;
		};
		D77E3E5829BE2B1F00410544 /* FiveStarRating */ = {
			isa = XCSwiftPackageProductDependency;
			package = D77E3E5729BE2B1F00410544 /* XCRemoteSwiftPackageReference "FiveStarRating_SwiftUI" */;
			productName = FiveStarRating;
		};
		D77E3E5B29BE546800410544 /* CachedAsyncImage */ = {
			isa = XCSwiftPackageProductDependency;
			package = D77E3E5A29BE546800410544 /* XCRemoteSwiftPackageReference "swiftui-cached-async-image" */;
			productName = CachedAsyncImage;
		};
/* End XCSwiftPackageProductDependency section */
	};
	rootObject = D70C0A6729BD3C1A00D9F0D1 /* Project object */;
}
